<Solution>
  <Folder Name="/src/">
    <Project Path="src/AiAgetnsWorkflow.csproj" />
  </Folder>
  <Folder Name="/tests/">
    <Project Path="AgentSession/AgentSession.csproj" Id="a0aa1e85-9798-43f0-9642-1a88f47d1ea9" />
    <Project Path="tests/AiAgetnsWorkflow.Tests/AiAgetnsWorkflow.Tests.csproj" />
    <Project Path="tests/FakeMcpServer/FakeMcpServer.csproj" />
  </Folder>
  <Project Path="Gemma/Gemma.csproj" Id="fb749624-24e2-426d-a31a-c0fc23b56294" />
</Solution>
