
Microsoft Visual Studio Solution File, Format Version 12.00
# Visual Studio Version 18
VisualStudioVersion = 18.0.11123.170 d18.0
MinimumVisualStudioVersion = 10.0.40219.1
Project("{FAE04EC0-301F-11D3-BF4B-00C04F79EFBC}") = "MagenticWorkflowApp", "MagenticWorkflowApp.csproj", "{54E16E72-1ADD-45D8-97B1-19FEDF5F177E}"
EndProject
Global
	GlobalSection(SolutionConfigurationPlatforms) = preSolution
		Debug|Any CPU = Debug|Any CPU
		Release|Any CPU = Release|Any CPU
	EndGlobalSection
	GlobalSection(ProjectConfigurationPlatforms) = postSolution
		{54E16E72-1ADD-45D8-97B1-19FEDF5F177E}.Debug|Any CPU.ActiveCfg = Debug|Any CPU
		{54E16E72-1ADD-45D8-97B1-19FEDF5F177E}.Debug|Any CPU.Build.0 = Debug|Any CPU
		{54E16E72-1ADD-45D8-97B1-19FEDF5F177E}.Release|Any CPU.ActiveCfg = Release|Any CPU
		{54E16E72-1ADD-45D8-97B1-19FEDF5F177E}.Release|Any CPU.Build.0 = Release|Any CPU
	EndGlobalSection
	GlobalSection(SolutionProperties) = preSolution
		HideSolutionNode = FALSE
	EndGlobalSection
	GlobalSection(ExtensibilityGlobals) = postSolution
		SolutionGuid = {9651444A-C3F9-4019-AE66-5D568A94CC76}
	EndGlobalSection
EndGlobal
